
Microsoft Visual Studio Solution File, Format Version 12.00
# Visual Studio Version 17
VisualStudioVersion = 17.0.31912.275
MinimumVisualStudioVersion = 10.0.40219.1
Project("{FAE04EC0-301F-11D3-BF4B-00C04F79EFBC}") = "RFIDWebAPI", "RFIDWebAPI.csproj", "{B95A603A-E4A9-49AB-BF17-EA115D0B407E}"
EndProject
Global
	GlobalSection(SolutionConfigurationPlatforms) = preSolution
		Debug|Any CPU = Debug|Any CPU
		Release|Any CPU = Release|Any CPU
	EndGlobalSection
	GlobalSection(ProjectConfigurationPlatforms) = postSolution
		{B95A603A-E4A9-49AB-BF17-EA115D0B407E}.Debug|Any CPU.ActiveCfg = Debug|Any CPU
		{B95A603A-E4A9-49AB-BF17-EA115D0B407E}.Debug|Any CPU.Build.0 = Debug|Any CPU
		{B95A603A-E4A9-49AB-BF17-EA115D0B407E}.Release|Any CPU.ActiveCfg = Release|Any CPU
		{B95A603A-E4A9-49AB-BF17-EA115D0B407E}.Release|Any CPU.Build.0 = Release|Any CPU
	EndGlobalSection
	GlobalSection(SolutionProperties) = preSolution
		HideSolutionNode = FALSE
	EndGlobalSection
	GlobalSection(ExtensibilityGlobals) = postSolution
		SolutionGuid = {F68D9CD0-5FDF-42EC-9D8E-3498AA542C83}
	EndGlobalSection
EndGlobal
